{
  "name": "hera-agent-unity",
  "version": "0.0.42",
  "lockfileVersion": 3,
  "requires": true,
  "packages": {
    "": {
      "name": "hera-agent-unity",
      "version": "0.0.42",
      "hasInstallScript": true,
      "license": "MIT",
      "bin": {
        "hera-agent-unity": "bin/hera-agent-unity.js"
      },
      "engines": {
        "node": ">=18"
      }
    }
  }
}
